
Microsoft Visual Studio Solution File, Format Version 12.00
# Visual Studio Version 18
VisualStudioVersion = 18.0.11222.15 d18.0
MinimumVisualStudioVersion = 10.0.40219.1
Project("{9A19103F-16F7-4668-BE54-9A1E7A4F7556}") = "AdventOfCode", "AdventOfCode.csproj", "{ED0FFF7E-1381-479D-97C0-6419118BD413}"
EndProject
Global
	GlobalSection(SolutionConfigurationPlatforms) = preSolution
		Debug|Any CPU = Debug|Any CPU
		Release|Any CPU = Release|Any CPU
	EndGlobalSection
	GlobalSection(ProjectConfigurationPlatforms) = postSolution
		{ED0FFF7E-1381-479D-97C0-6419118BD413}.Debug|Any CPU.ActiveCfg = Debug|Any CPU
		{ED0FFF7E-1381-479D-97C0-6419118BD413}.Debug|Any CPU.Build.0 = Debug|Any CPU
		{ED0FFF7E-1381-479D-97C0-6419118BD413}.Release|Any CPU.ActiveCfg = Release|Any CPU
		{ED0FFF7E-1381-479D-97C0-6419118BD413}.Release|Any CPU.Build.0 = Release|Any CPU
	EndGlobalSection
	GlobalSection(SolutionProperties) = preSolution
		HideSolutionNode = FALSE
	EndGlobalSection
	GlobalSection(ExtensibilityGlobals) = postSolution
		SolutionGuid = {177155C3-CC0B-45C8-895F-568F69204541}
	EndGlobalSection
EndGlobal
